# This file is generated by running "yarn install" inside your project.
# Manual changes might be lost - proceed with caution!

__metadata:
  version: 8
  cacheKey: 10c0

"@oven/bun-darwin-aarch64@npm:1.2.20":
  version: 1.2.20
  resolution: "@oven/bun-darwin-aarch64@npm:1.2.20"
  conditions: os=darwin & cpu=arm64
  languageName: node
  linkType: hard

"@oven/bun-darwin-x64-baseline@npm:1.2.20":
  version: 1.2.20
  resolution: "@oven/bun-darwin-x64-baseline@npm:1.2.20"
  conditions: os=darwin & cpu=x64
  languageName: node
  linkType: hard

"@oven/bun-darwin-x64@npm:1.2.20":
  version: 1.2.20
  resolution: "@oven/bun-darwin-x64@npm:1.2.20"
  conditions: os=darwin & cpu=x64
  languageName: node
  linkType: hard

"@oven/bun-linux-aarch64-musl@npm:1.2.20":
  version: 1.2.20
  resolution: "@oven/bun-linux-aarch64-musl@npm:1.2.20"
  conditions: os=linux & cpu=aarch64
  languageName: node
  linkType: hard

"@oven/bun-linux-aarch64@npm:1.2.20":
  version: 1.2.20
  resolution: "@oven/bun-linux-aarch64@npm:1.2.20"
  conditions: os=linux & cpu=arm64
  languageName: node
  linkType: hard

"@oven/bun-linux-x64-baseline@npm:1.2.20":
  version: 1.2.20
  resolution: "@oven/bun-linux-x64-baseline@npm:1.2.20"
  conditions: os=linux & cpu=x64
  languageName: node
  linkType: hard

"@oven/bun-linux-x64-musl-baseline@npm:1.2.20":
  version: 1.2.20
  resolution: "@oven/bun-linux-x64-musl-baseline@npm:1.2.20"
  conditions: os=linux & cpu=x64
  languageName: node
  linkType: hard

"@oven/bun-linux-x64-musl@npm:1.2.20":
  version: 1.2.20
  resolution: "@oven/bun-linux-x64-musl@npm:1.2.20"
  conditions: os=linux & cpu=x64
  languageName: node
  linkType: hard

"@oven/bun-linux-x64@npm:1.2.20":
  version: 1.2.20
  resolution: "@oven/bun-linux-x64@npm:1.2.20"
  conditions: os=linux & cpu=x64
  languageName: node
  linkType: hard

"@oven/bun-windows-x64-baseline@npm:1.2.20":
  version: 1.2.20
  resolution: "@oven/bun-windows-x64-baseline@npm:1.2.20"
  conditions: os=win32 & cpu=x64
  languageName: node
  linkType: hard

"@oven/bun-windows-x64@npm:1.2.20":
  version: 1.2.20
  resolution: "@oven/bun-windows-x64@npm:1.2.20"
  conditions: os=win32 & cpu=x64
  languageName: node
  linkType: hard

"bun@npm:^1.2.20":
  version: 1.2.20
  resolution: "bun@npm:1.2.20"
  dependencies:
    "@oven/bun-darwin-aarch64": "npm:1.2.20"
    "@oven/bun-darwin-x64": "npm:1.2.20"
    "@oven/bun-darwin-x64-baseline": "npm:1.2.20"
    "@oven/bun-linux-aarch64": "npm:1.2.20"
    "@oven/bun-linux-aarch64-musl": "npm:1.2.20"
    "@oven/bun-linux-x64": "npm:1.2.20"
    "@oven/bun-linux-x64-baseline": "npm:1.2.20"
    "@oven/bun-linux-x64-musl": "npm:1.2.20"
    "@oven/bun-linux-x64-musl-baseline": "npm:1.2.20"
    "@oven/bun-windows-x64": "npm:1.2.20"
    "@oven/bun-windows-x64-baseline": "npm:1.2.20"
  dependenciesMeta:
    "@oven/bun-darwin-aarch64":
      optional: true
    "@oven/bun-darwin-x64":
      optional: true
    "@oven/bun-darwin-x64-baseline":
      optional: true
    "@oven/bun-linux-aarch64":
      optional: true
    "@oven/bun-linux-aarch64-musl":
      optional: true
    "@oven/bun-linux-x64":
      optional: true
    "@oven/bun-linux-x64-baseline":
      optional: true
    "@oven/bun-linux-x64-musl":
      optional: true
    "@oven/bun-linux-x64-musl-baseline":
      optional: true
    "@oven/bun-windows-x64":
      optional: true
    "@oven/bun-windows-x64-baseline":
      optional: true
  bin:
    bun: bin/bun.exe
    bunx: bin/bunx.exe
  checksum: 10c0/e466be5cc43099475f861617a0fba7de7a2a97dd06259bb28cb6c4423a31696896d185aad19439d3e09e6cc10319b6c58ed2740c80aa42114a5289239fc0b4fc
  conditions: (os=darwin | os=linux | os=win32) & (cpu=arm64 | cpu=x64 | cpu=aarch64)
  languageName: node
  linkType: hard

"fm-flowise@workspace:.":
  version: 0.0.0-use.local
  resolution: "fm-flowise@workspace:."
  dependencies:
    bun: "npm:^1.2.20"
  languageName: unknown
  linkType: soft
